// !$*UTF8*$!
{
	archiveVersion = 1;
	classes = {
	};
	objectVersion = 46;
	objects = {

/* Begin PBXBuildFile section */
		C9BF74FE18D63BEE00FD23C8 /* Foundation.framework in Frameworks */ = {isa = PBXBuildFile; fileRef = C9BF74FD18D63BEE00FD23C8 /* Foundation.framework */; };
		C9BF750018D63BEE00FD23C8 /* CoreGraphics.framework in Frameworks */ = {isa = PBXBuildFile; fileRef = C9BF74FF18D63BEE00FD23C8 /* CoreGraphics.framework */; };
		C9BF750218D63BEE00FD23C8 /* UIKit.framework in Frameworks */ = {isa = PBXBuildFile; fileRef = C9BF750118D63BEE00FD23C8 /* UIKit.framework */; };
		C9BF750818D63BEE00FD23C8 /* InfoPlist.strings in Resources */ = {isa = PBXBuildFile; fileRef = C9BF750618D63BEE00FD23C8 /* InfoPlist.strings */; };
		C9BF750A18D63BEE00FD23C8 /* main.m in Sources */ = {isa = PBXBuildFile; fileRef = C9BF750918D63BEE00FD23C8 /* main.m */; };
		C9BF750E18D63BEE00FD23C8 /* BLCAppDelegate.m in Sources */ = {isa = PBXBuildFile; fileRef = C9BF750D18D63BEE00FD23C8 /* BLCAppDelegate.m */; };
		C9BF751118D63BEE00FD23C8 /* Main.storyboard in Resources */ = {isa = PBXBuildFile; fileRef = C9BF750F18D63BEE00FD23C8 /* Main.storyboard */; };
		C9BF751418D63BEE00FD23C8 /* BLCViewController.m in Sources */ = {isa = PBXBuildFile; fileRef = C9BF751318D63BEE00FD23C8 /* BLCViewController.m */; };
		C9BF751618D63BEE00FD23C8 /* Images.xcassets in Resources */ = {isa = PBXBuildFile; fileRef = C9BF751518D63BEE00FD23C8 /* Images.xcassets */; };
		C9BF751D18D63BEE00FD23C8 /* XCTest.framework in Frameworks */ = {isa = PBXBuildFile; fileRef = C9BF751C18D63BEE00FD23C8 /* XCTest.framework */; };
		C9BF751E18D63BEE00FD23C8 /* Foundation.framework in Frameworks */ = {isa = PBXBuildFile; fileRef = C9BF74FD18D63BEE00FD23C8 /* Foundation.framework */; };
		C9BF751F18D63BEE00FD23C8 /* UIKit.framework in Frameworks */ = {isa = PBXBuildFile; fileRef = C9BF750118D63BEE00FD23C8 /* UIKit.framework */; };
		C9BF752718D63BEE00FD23C8 /* InfoPlist.strings in Resources */ = {isa = PBXBuildFile; fileRef = C9BF752518D63BEE00FD23C8 /* InfoPlist.strings */; };
		C9BF753518D63C5000FD23C8 /* BLCMockJSONProtocol.m in Sources */ = {isa = PBXBuildFile; fileRef = C9BF753318D63C5000FD23C8 /* BLCMockJSONProtocol.m */; };
		C9BF753618D63C5000FD23C8 /* JSONLoadingTests.m in Sources */ = {isa = PBXBuildFile; fileRef = C9BF753418D63C5000FD23C8 /* JSONLoadingTests.m */; };
/* End PBXBuildFile section */

/* Begin PBXContainerItemProxy section */
		C9BF752018D63BEE00FD23C8 /* PBXContainerItemProxy */ = {
			isa = PBXContainerItemProxy;
			containerPortal = C9BF74F218D63BEE00FD23C8 /* Project object */;
			proxyType = 1;
			remoteGlobalIDString = C9BF74F918D63BEE00FD23C8;
			remoteInfo = Hardcoded;
		};
/* End PBXContainerItemProxy section */

/* Begin PBXFileReference section */
		C9BF74FA18D63BEE00FD23C8 /* Hardcoded.app */ = {isa = PBXFileReference; explicitFileType = wrapper.application; includeInIndex = 0; path = Hardcoded.app; sourceTree = BUILT_PRODUCTS_DIR; };
		C9BF74FD18D63BEE00FD23C8 /* Foundation.framework */ = {isa = PBXFileReference; lastKnownFileType = wrapper.framework; name = Foundation.framework; path = System/Library/Frameworks/Foundation.framework; sourceTree = SDKROOT; };
		C9BF74FF18D63BEE00FD23C8 /* CoreGraphics.framework */ = {isa = PBXFileReference; lastKnownFileType = wrapper.framework; name = CoreGraphics.framework; path = System/Library/Frameworks/CoreGraphics.framework; sourceTree = SDKROOT; };
		C9BF750118D63BEE00FD23C8 /* UIKit.framework */ = {isa = PBXFileReference; lastKnownFileType = wrapper.framework; name = UIKit.framework; path = System/Library/Frameworks/UIKit.framework; sourceTree = SDKROOT; };
		C9BF750518D63BEE00FD23C8 /* Hardcoded-Info.plist */ = {isa = PBXFileReference; lastKnownFileType = text.plist.xml; path = "Hardcoded-Info.plist"; sourceTree = "<group>"; };
		C9BF750718D63BEE00FD23C8 /* en */ = {isa = PBXFileReference; lastKnownFileType = text.plist.strings; name = en; path = en.lproj/InfoPlist.strings; sourceTree = "<group>"; };
		C9BF750918D63BEE00FD23C8 /* main.m */ = {isa = PBXFileReference; lastKnownFileType = sourcecode.c.objc; path = main.m; sourceTree = "<group>"; };
		C9BF750B18D63BEE00FD23C8 /* Hardcoded-Prefix.pch */ = {isa = PBXFileReference; lastKnownFileType = sourcecode.c.h; path = "Hardcoded-Prefix.pch"; sourceTree = "<group>"; };
		C9BF750C18D63BEE00FD23C8 /* BLCAppDelegate.h */ = {isa = PBXFileReference; lastKnownFileType = sourcecode.c.h; path = BLCAppDelegate.h; sourceTree = "<group>"; };
		C9BF750D18D63BEE00FD23C8 /* BLCAppDelegate.m */ = {isa = PBXFileReference; lastKnownFileType = sourcecode.c.objc; path = BLCAppDelegate.m; sourceTree = "<group>"; };
		C9BF751018D63BEE00FD23C8 /* Base */ = {isa = PBXFileReference; lastKnownFileType = file.storyboard; name = Base; path = Base.lproj/Main.storyboard; sourceTree = "<group>"; };
		C9BF751218D63BEE00FD23C8 /* BLCViewController.h */ = {isa = PBXFileReference; lastKnownFileType = sourcecode.c.h; path = BLCViewController.h; sourceTree = "<group>"; };
		C9BF751318D63BEE00FD23C8 /* BLCViewController.m */ = {isa = PBXFileReference; lastKnownFileType = sourcecode.c.objc; path = BLCViewController.m; sourceTree = "<group>"; };
		C9BF751518D63BEE00FD23C8 /* Images.xcassets */ = {isa = PBXFileReference; lastKnownFileType = folder.assetcatalog; path = Images.xcassets; sourceTree = "<group>"; };
		C9BF751B18D63BEE00FD23C8 /* HardcodedTests.xctest */ = {isa = PBXFileReference; explicitFileType = wrapper.cfbundle; includeInIndex = 0; path = HardcodedTests.xctest; sourceTree = BUILT_PRODUCTS_DIR; };
		C9BF751C18D63BEE00FD23C8 /* XCTest.framework */ = {isa = PBXFileReference; lastKnownFileType = wrapper.framework; name = XCTest.framework; path = Library/Frameworks/XCTest.framework; sourceTree = DEVELOPER_DIR; };
		C9BF752418D63BEE00FD23C8 /* HardcodedTests-Info.plist */ = {isa = PBXFileReference; lastKnownFileType = text.plist.xml; path = "HardcodedTests-Info.plist"; sourceTree = "<group>"; };
		C9BF752618D63BEE00FD23C8 /* en */ = {isa = PBXFileReference; lastKnownFileType = text.plist.strings; name = en; path = en.lproj/InfoPlist.strings; sourceTree = "<group>"; };
		C9BF753218D63C5000FD23C8 /* BLCMockJSONProtocol.h */ = {isa = PBXFileReference; fileEncoding = 4; lastKnownFileType = sourcecode.c.h; path = BLCMockJSONProtocol.h; sourceTree = "<group>"; };
		C9BF753318D63C5000FD23C8 /* BLCMockJSONProtocol.m */ = {isa = PBXFileReference; fileEncoding = 4; lastKnownFileType = sourcecode.c.objc; path = BLCMockJSONProtocol.m; sourceTree = "<group>"; };
		C9BF753418D63C5000FD23C8 /* JSONLoadingTests.m */ = {isa = PBXFileReference; fileEncoding = 4; lastKnownFileType = sourcecode.c.objc; path = JSONLoadingTests.m; sourceTree = "<group>"; };
/* End PBXFileReference section */

/* Begin PBXFrameworksBuildPhase section */
		C9BF74F718D63BEE00FD23C8 /* Frameworks */ = {
			isa = PBXFrameworksBuildPhase;
			buildActionMask = 2147483647;
			files = (
				C9BF750018D63BEE00FD23C8 /* CoreGraphics.framework in Frameworks */,
				C9BF750218D63BEE00FD23C8 /* UIKit.framework in Frameworks */,
				C9BF74FE18D63BEE00FD23C8 /* Foundation.framework in Frameworks */,
			);
			runOnlyForDeploymentPostprocessing = 0;
		};
		C9BF751818D63BEE00FD23C8 /* Frameworks */ = {
			isa = PBXFrameworksBuildPhase;
			buildActionMask = 2147483647;
			files = (
				C9BF751D18D63BEE00FD23C8 /* XCTest.framework in Frameworks */,
				C9BF751F18D63BEE00FD23C8 /* UIKit.framework in Frameworks */,
				C9BF751E18D63BEE00FD23C8 /* Foundation.framework in Frameworks */,
			);
			runOnlyForDeploymentPostprocessing = 0;
		};
/* End PBXFrameworksBuildPhase section */

/* Begin PBXGroup section */
		C9BF74F118D63BEE00FD23C8 = {
			isa = PBXGroup;
			children = (
				C9BF750318D63BEE00FD23C8 /* Hardcoded */,
				C9BF752218D63BEE00FD23C8 /* HardcodedTests */,
				C9BF74FC18D63BEE00FD23C8 /* Frameworks */,
				C9BF74FB18D63BEE00FD23C8 /* Products */,
			);
			sourceTree = "<group>";
		};
		C9BF74FB18D63BEE00FD23C8 /* Products */ = {
			isa = PBXGroup;
			children = (
				C9BF74FA18D63BEE00FD23C8 /* Hardcoded.app */,
				C9BF751B18D63BEE00FD23C8 /* HardcodedTests.xctest */,
			);
			name = Products;
			sourceTree = "<group>";
		};
		C9BF74FC18D63BEE00FD23C8 /* Frameworks */ = {
			isa = PBXGroup;
			children = (
				C9BF74FD18D63BEE00FD23C8 /* Foundation.framework */,
				C9BF74FF18D63BEE00FD23C8 /* CoreGraphics.framework */,
				C9BF750118D63BEE00FD23C8 /* UIKit.framework */,
				C9BF751C18D63BEE00FD23C8 /* XCTest.framework */,
			);
			name = Frameworks;
			sourceTree = "<group>";
		};
		C9BF750318D63BEE00FD23C8 /* Hardcoded */ = {
			isa = PBXGroup;
			children = (
				C9BF750C18D63BEE00FD23C8 /* BLCAppDelegate.h */,
				C9BF750D18D63BEE00FD23C8 /* BLCAppDelegate.m */,
				C9BF750F18D63BEE00FD23C8 /* Main.storyboard */,
				C9BF751218D63BEE00FD23C8 /* BLCViewController.h */,
				C9BF751318D63BEE00FD23C8 /* BLCViewController.m */,
				C9BF751518D63BEE00FD23C8 /* Images.xcassets */,
				C9BF750418D63BEE00FD23C8 /* Supporting Files */,
			);
			path = Hardcoded;
			sourceTree = "<group>";
		};
		C9BF750418D63BEE00FD23C8 /* Supporting Files */ = {
			isa = PBXGroup;
			children = (
				C9BF750518D63BEE00FD23C8 /* Hardcoded-Info.plist */,
				C9BF750618D63BEE00FD23C8 /* InfoPlist.strings */,
				C9BF750918D63BEE00FD23C8 /* main.m */,
				C9BF750B18D63BEE00FD23C8 /* Hardcoded-Prefix.pch */,
			);
			name = "Supporting Files";
			sourceTree = "<group>";
		};
		C9BF752218D63BEE00FD23C8 /* HardcodedTests */ = {
			isa = PBXGroup;
			children = (
				C9BF753218D63C5000FD23C8 /* BLCMockJSONProtocol.h */,
				C9BF753318D63C5000FD23C8 /* BLCMockJSONProtocol.m */,
				C9BF753418D63C5000FD23C8 /* JSONLoadingTests.m */,
				C9BF752318D63BEE00FD23C8 /* Supporting Files */,
			);
			path = HardcodedTests;
			sourceTree = "<group>";
		};
		C9BF752318D63BEE00FD23C8 /* Supporting Files */ = {
			isa = PBXGroup;
			children = (
				C9BF752418D63BEE00FD23C8 /* HardcodedTests-Info.plist */,
				C9BF752518D63BEE00FD23C8 /* InfoPlist.strings */,
			);
			name = "Supporting Files";
			sourceTree = "<group>";
		};
/* End PBXGroup section */

/* Begin PBXNativeTarget section */
		C9BF74F918D63BEE00FD23C8 /* Hardcoded */ = {
			isa = PBXNativeTarget;
			buildConfigurationList = C9BF752C18D63BEE00FD23C8 /* Build configuration list for PBXNativeTarget "Hardcoded" */;
			buildPhases = (
				C9BF74F618D63BEE00FD23C8 /* Sources */,
				C9BF74F718D63BEE00FD23C8 /* Frameworks */,
				C9BF74F818D63BEE00FD23C8 /* Resources */,
			);
			buildRules = (
			);
			dependencies = (
			);
			name = Hardcoded;
			productName = Hardcoded;
			productReference = C9BF74FA18D63BEE00FD23C8 /* Hardcoded.app */;
			productType = "com.apple.product-type.application";
		};
		C9BF751A18D63BEE00FD23C8 /* HardcodedTests */ = {
			isa = PBXNativeTarget;
			buildConfigurationList = C9BF752F18D63BEE00FD23C8 /* Build configuration list for PBXNativeTarget "HardcodedTests" */;
			buildPhases = (
				C9BF751718D63BEE00FD23C8 /* Sources */,
				C9BF751818D63BEE00FD23C8 /* Frameworks */,
				C9BF751918D63BEE00FD23C8 /* Resources */,
			);
			buildRules = (
			);
			dependencies = (
				C9BF752118D63BEE00FD23C8 /* PBXTargetDependency */,
			);
			name = HardcodedTests;
			productName = HardcodedTests;
			productReference = C9BF751B18D63BEE00FD23C8 /* HardcodedTests.xctest */;
			productType = "com.apple.product-type.bundle.unit-test";
		};
/* End PBXNativeTarget section */

/* Begin PBXProject section */
		C9BF74F218D63BEE00FD23C8 /* Project object */ = {
			isa = PBXProject;
			attributes = {
				CLASSPREFIX = BLC;
				LastUpgradeCheck = 0510;
				ORGANIZATIONNAME = "Blended Cocoa";
				TargetAttributes = {
					C9BF751A18D63BEE00FD23C8 = {
						TestTargetID = C9BF74F918D63BEE00FD23C8;
					};
				};
			};
			buildConfigurationList = C9BF74F518D63BEE00FD23C8 /* Build configuration list for PBXProject "Hardcoded" */;
			compatibilityVersion = "Xcode 3.2";
			developmentRegion = English;
			hasScannedForEncodings = 0;
			knownRegions = (
				en,
				Base,
			);
			mainGroup = C9BF74F118D63BEE00FD23C8;
			productRefGroup = C9BF74FB18D63BEE00FD23C8 /* Products */;
			projectDirPath = "";
			projectRoot = "";
			targets = (
				C9BF74F918D63BEE00FD23C8 /* Hardcoded */,
				C9BF751A18D63BEE00FD23C8 /* HardcodedTests */,
			);
		};
/* End PBXProject section */

/* Begin PBXResourcesBuildPhase section */
		C9BF74F818D63BEE00FD23C8 /* Resources */ = {
			isa = PBXResourcesBuildPhase;
			buildActionMask = 2147483647;
			files = (
				C9BF751618D63BEE00FD23C8 /* Images.xcassets in Resources */,
				C9BF750818D63BEE00FD23C8 /* InfoPlist.strings in Resources */,
				C9BF751118D63BEE00FD23C8 /* Main.storyboard in Resources */,
			);
			runOnlyForDeploymentPostprocessing = 0;
		};
		C9BF751918D63BEE00FD23C8 /* Resources */ = {
			isa = PBXResourcesBuildPhase;
			buildActionMask = 2147483647;
			files = (
				C9BF752718D63BEE00FD23C8 /* InfoPlist.strings in Resources */,
			);
			runOnlyForDeploymentPostprocessing = 0;
		};
/* End PBXResourcesBuildPhase section */

/* Begin PBXSourcesBuildPhase section */
		C9BF74F618D63BEE00FD23C8 /* Sources */ = {
			isa = PBXSourcesBuildPhase;
			buildActionMask = 2147483647;
			files = (
				C9BF750E18D63BEE00FD23C8 /* BLCAppDelegate.m in Sources */,
				C9BF750A18D63BEE00FD23C8 /* main.m in Sources */,
				C9BF751418D63BEE00FD23C8 /* BLCViewController.m in Sources */,
			);
			runOnlyForDeploymentPostprocessing = 0;
		};
		C9BF751718D63BEE00FD23C8 /* Sources */ = {
			isa = PBXSourcesBuildPhase;
			buildActionMask = 2147483647;
			files = (
				C9BF753618D63C5000FD23C8 /* JSONLoadingTests.m in Sources */,
				C9BF753518D63C5000FD23C8 /* BLCMockJSONProtocol.m in Sources */,
			);
			runOnlyForDeploymentPostprocessing = 0;
		};
/* End PBXSourcesBuildPhase section */

/* Begin PBXTargetDependency section */
		C9BF752118D63BEE00FD23C8 /* PBXTargetDependency */ = {
			isa = PBXTargetDependency;
			target = C9BF74F918D63BEE00FD23C8 /* Hardcoded */;
			targetProxy = C9BF752018D63BEE00FD23C8 /* PBXContainerItemProxy */;
		};
/* End PBXTargetDependency section */

/* Begin PBXVariantGroup section */
		C9BF750618D63BEE00FD23C8 /* InfoPlist.strings */ = {
			isa = PBXVariantGroup;
			children = (
				C9BF750718D63BEE00FD23C8 /* en */,
			);
			name = InfoPlist.strings;
			sourceTree = "<group>";
		};
		C9BF750F18D63BEE00FD23C8 /* Main.storyboard */ = {
			isa = PBXVariantGroup;
			children = (
				C9BF751018D63BEE00FD23C8 /* Base */,
			);
			name = Main.storyboard;
			sourceTree = "<group>";
		};
		C9BF752518D63BEE00FD23C8 /* InfoPlist.strings */ = {
			isa = PBXVariantGroup;
			children = (
				C9BF752618D63BEE00FD23C8 /* en */,
			);
			name = InfoPlist.strings;
			sourceTree = "<group>";
		};
/* End PBXVariantGroup section */

/* Begin XCBuildConfiguration section */
		C9BF752A18D63BEE00FD23C8 /* Debug */ = {
			isa = XCBuildConfiguration;
			buildSettings = {
				ALWAYS_SEARCH_USER_PATHS = NO;
				CLANG_CXX_LANGUAGE_STANDARD = "gnu++0x";
				CLANG_CXX_LIBRARY = "libc++";
				CLANG_ENABLE_MODULES = YES;
				CLANG_ENABLE_OBJC_ARC = YES;
				CLANG_WARN_BOOL_CONVERSION = YES;
				CLANG_WARN_CONSTANT_CONVERSION = YES;
				CLANG_WARN_DIRECT_OBJC_ISA_USAGE = YES_ERROR;
				CLANG_WARN_EMPTY_BODY = YES;
				CLANG_WARN_ENUM_CONVERSION = YES;
				CLANG_WARN_INT_CONVERSION = YES;
				CLANG_WARN_OBJC_ROOT_CLASS = YES_ERROR;
				CLANG_WARN__DUPLICATE_METHOD_MATCH = YES;
				"CODE_SIGN_IDENTITY[sdk=iphoneos*]" = "iPhone Developer";
				COPY_PHASE_STRIP = NO;
				GCC_C_LANGUAGE_STANDARD = gnu99;
				GCC_DYNAMIC_NO_PIC = NO;
				GCC_OPTIMIZATION_LEVEL = 0;
				GCC_PREPROCESSOR_DEFINITIONS = (
					"DEBUG=1",
					"$(inherited)",
				);
				GCC_SYMBOLS_PRIVATE_EXTERN = NO;
				GCC_WARN_64_TO_32_BIT_CONVERSION = YES;
				GCC_WARN_ABOUT_RETURN_TYPE = YES_ERROR;
				GCC_WARN_UNDECLARED_SELECTOR = YES;
				GCC_WARN_UNINITIALIZED_AUTOS = YES_AGGRESSIVE;
				GCC_WARN_UNUSED_FUNCTION = YES;
				GCC_WARN_UNUSED_VARIABLE = YES;
				IPHONEOS_DEPLOYMENT_TARGET = 7.1;
				ONLY_ACTIVE_ARCH = YES;
				SDKROOT = iphoneos;
			};
			name = Debug;
		};
		C9BF752B18D63BEE00FD23C8 /* Release */ = {
			isa = XCBuildConfiguration;
			buildSettings = {
				ALWAYS_SEARCH_USER_PATHS = NO;
				CLANG_CXX_LANGUAGE_STANDARD = "gnu++0x";
				CLANG_CXX_LIBRARY = "libc++";
				CLANG_ENABLE_MODULES = YES;
				CLANG_ENABLE_OBJC_ARC = YES;
				CLANG_WARN_BOOL_CONVERSION = YES;
				CLANG_WARN_CONSTANT_CONVERSION = YES;
				CLANG_WARN_DIRECT_OBJC_ISA_USAGE = YES_ERROR;
				CLANG_WARN_EMPTY_BODY = YES;
				CLANG_WARN_ENUM_CONVERSION = YES;
				CLANG_WARN_INT_CONVERSION = YES;
				CLANG_WARN_OBJC_ROOT_CLASS = YES_ERROR;
				CLANG_WARN__DUPLICATE_METHOD_MATCH = YES;
				"CODE_SIGN_IDENTITY[sdk=iphoneos*]" = "iPhone Developer";
				COPY_PHASE_STRIP = YES;
				ENABLE_NS_ASSERTIONS = NO;
				GCC_C_LANGUAGE_STANDARD = gnu99;
				GCC_WARN_64_TO_32_BIT_CONVERSION = YES;
				GCC_WARN_ABOUT_RETURN_TYPE = YES_ERROR;
				GCC_WARN_UNDECLARED_SELECTOR = YES;
				GCC_WARN_UNINITIALIZED_AUTOS = YES_AGGRESSIVE;
				GCC_WARN_UNUSED_FUNCTION = YES;
				GCC_WARN_UNUSED_VARIABLE = YES;
				IPHONEOS_DEPLOYMENT_TARGET = 7.1;
				SDKROOT = iphoneos;
				VALIDATE_PRODUCT = YES;
			};
			name = Release;
		};
		C9BF752D18D63BEE00FD23C8 /* Debug */ = {
			isa = XCBuildConfiguration;
			buildSettings = {
				ASSETCATALOG_COMPILER_APPICON_NAME = AppIcon;
				ASSETCATALOG_COMPILER_LAUNCHIMAGE_NAME = LaunchImage;
				GCC_PRECOMPILE_PREFIX_HEADER = YES;
				GCC_PREFIX_HEADER = "Hardcoded/Hardcoded-Prefix.pch";
				INFOPLIST_FILE = "Hardcoded/Hardcoded-Info.plist";
				PRODUCT_NAME = "$(TARGET_NAME)";
				WRAPPER_EXTENSION = app;
			};
			name = Debug;
		};
		C9BF752E18D63BEE00FD23C8 /* Release */ = {
			isa = XCBuildConfiguration;
			buildSettings = {
				ASSETCATALOG_COMPILER_APPICON_NAME = AppIcon;
				ASSETCATALOG_COMPILER_LAUNCHIMAGE_NAME = LaunchImage;
				GCC_PRECOMPILE_PREFIX_HEADER = YES;
				GCC_PREFIX_HEADER = "Hardcoded/Hardcoded-Prefix.pch";
				INFOPLIST_FILE = "Hardcoded/Hardcoded-Info.plist";
				PRODUCT_NAME = "$(TARGET_NAME)";
				WRAPPER_EXTENSION = app;
			};
			name = Release;
		};
		C9BF753018D63BEE00FD23C8 /* Debug */ = {
			isa = XCBuildConfiguration;
			buildSettings = {
				BUNDLE_LOADER = "$(BUILT_PRODUCTS_DIR)/Hardcoded.app/Hardcoded";
				FRAMEWORK_SEARCH_PATHS = (
					"$(SDKROOT)/Developer/Library/Frameworks",
					"$(inherited)",
					"$(DEVELOPER_FRAMEWORKS_DIR)",
				);
				GCC_PRECOMPILE_PREFIX_HEADER = YES;
				GCC_PREFIX_HEADER = "Hardcoded/Hardcoded-Prefix.pch";
				GCC_PREPROCESSOR_DEFINITIONS = (
					"DEBUG=1",
					"$(inherited)",
				);
				INFOPLIST_FILE = "HardcodedTests/HardcodedTests-Info.plist";
				PRODUCT_NAME = "$(TARGET_NAME)";
				TEST_HOST = "$(BUNDLE_LOADER)";
				WRAPPER_EXTENSION = xctest;
			};
			name = Debug;
		};
		C9BF753118D63BEE00FD23C8 /* Release */ = {
			isa = XCBuildConfiguration;
			buildSettings = {
				BUNDLE_LOADER = "$(BUILT_PRODUCTS_DIR)/Hardcoded.app/Hardcoded";
				FRAMEWORK_SEARCH_PATHS = (
					"$(SDKROOT)/Developer/Library/Frameworks",
					"$(inherited)",
					"$(DEVELOPER_FRAMEWORKS_DIR)",
				);
				GCC_PRECOMPILE_PREFIX_HEADER = YES;
				GCC_PREFIX_HEADER = "Hardcoded/Hardcoded-Prefix.pch";
				INFOPLIST_FILE = "HardcodedTests/HardcodedTests-Info.plist";
				PRODUCT_NAME = "$(TARGET_NAME)";
				TEST_HOST = "$(BUNDLE_LOADER)";
				WRAPPER_EXTENSION = xctest;
			};
			name = Release;
		};
/* End XCBuildConfiguration section */

/* Begin XCConfigurationList section */
		C9BF74F518D63BEE00FD23C8 /* Build configuration list for PBXProject "Hardcoded" */ = {
			isa = XCConfigurationList;
			buildConfigurations = (
				C9BF752A18D63BEE00FD23C8 /* Debug */,
				C9BF752B18D63BEE00FD23C8 /* Release */,
			);
			defaultConfigurationIsVisible = 0;
			defaultConfigurationName = Release;
		};
		C9BF752C18D63BEE00FD23C8 /* Build configuration list for PBXNativeTarget "Hardcoded" */ = {
			isa = XCConfigurationList;
			buildConfigurations = (
				C9BF752D18D63BEE00FD23C8 /* Debug */,
				C9BF752E18D63BEE00FD23C8 /* Release */,
			);
			defaultConfigurationIsVisible = 0;
		};
		C9BF752F18D63BEE00FD23C8 /* Build configuration list for PBXNativeTarget "HardcodedTests" */ = {
			isa = XCConfigurationList;
			buildConfigurations = (
				C9BF753018D63BEE00FD23C8 /* Debug */,
				C9BF753118D63BEE00FD23C8 /* Release */,
			);
			defaultConfigurationIsVisible = 0;
		};
/* End XCConfigurationList section */
	};
	rootObject = C9BF74F218D63BEE00FD23C8 /* Project object */;
}
